
Microsoft Visual Studio Solution File, Format Version 12.00
# Visual Studio Version 17
VisualStudioVersion = 17.5.33627.172
MinimumVisualStudioVersion = 10.0.40219.1
Project("{FAE04EC0-301F-11D3-BF4B-00C04F79EFBC}") = "ConsoleApp1", "ConsoleApp1\ConsoleApp1.csproj", "{5BC6B605-9199-42C4-94B5-2B5E27E8BBF9}"
EndProject
Global
	GlobalSection(SolutionConfigurationPlatforms) = preSolution
		Debug|Any CPU = Debug|Any CPU
		Release|Any CPU = Release|Any CPU
	EndGlobalSection
	GlobalSection(ProjectConfigurationPlatforms) = postSolution
		{5BC6B605-9199-42C4-94B5-2B5E27E8BBF9}.Debug|Any CPU.ActiveCfg = Debug|Any CPU
		{5BC6B605-9199-42C4-94B5-2B5E27E8BBF9}.Debug|Any CPU.Build.0 = Debug|Any CPU
		{5BC6B605-9199-42C4-94B5-2B5E27E8BBF9}.Release|Any CPU.ActiveCfg = Release|Any CPU
		{5BC6B605-9199-42C4-94B5-2B5E27E8BBF9}.Release|Any CPU.Build.0 = Release|Any CPU
	EndGlobalSection
	GlobalSection(SolutionProperties) = preSolution
		HideSolutionNode = FALSE
	EndGlobalSection
	GlobalSection(ExtensibilityGlobals) = postSolution
		SolutionGuid = {51A2AA4D-EC59-4A0F-B22A-A091B3AED655}
	EndGlobalSection
EndGlobal
